
Microsoft Visual Studio Solution File, Format Version 12.00
# Visual Studio Version 16
VisualStudioVersion = 16.0.30114.105
MinimumVisualStudioVersion = 10.0.40219.1
Project("{FAE04EC0-301F-11D3-BF4B-00C04F79EFBC}") = "VinterProjekt", "VinterProjekt\VinterProjekt.csproj", "{C6E46BC8-D9CB-442A-B5A6-62E7446925BB}"
EndProject
Global
	GlobalSection(SolutionConfigurationPlatforms) = preSolution
		Debug|Any CPU = Debug|Any CPU
		Release|Any CPU = Release|Any CPU
	EndGlobalSection
	GlobalSection(SolutionProperties) = preSolution
		HideSolutionNode = FALSE
	EndGlobalSection
	GlobalSection(ProjectConfigurationPlatforms) = postSolution
		{C6E46BC8-D9CB-442A-B5A6-62E7446925BB}.Debug|Any CPU.ActiveCfg = Debug|Any CPU
		{C6E46BC8-D9CB-442A-B5A6-62E7446925BB}.Debug|Any CPU.Build.0 = Debug|Any CPU
		{C6E46BC8-D9CB-442A-B5A6-62E7446925BB}.Release|Any CPU.ActiveCfg = Release|Any CPU
		{C6E46BC8-D9CB-442A-B5A6-62E7446925BB}.Release|Any CPU.Build.0 = Release|Any CPU
	EndGlobalSection
EndGlobal
